
Microsoft Visual Studio Solution File, Format Version 12.00
# Visual Studio Version 16
VisualStudioVersion = 16.0.31112.23
MinimumVisualStudioVersion = 10.0.40219.1
Project("{2150E333-8FDC-42A3-9474-1A3956D46DE8}") = "100 Integration Tests", "100 Integration Tests", "{334094B2-2055-4954-9953-F731DC8C857F}"
EndProject
Project("{2150E333-8FDC-42A3-9474-1A3956D46DE8}") = "010 Repository", "010 Repository", "{E30B7B0A-7E6B-4F5F-968D-530C182C9EFB}"
EndProject
Project("{9A19103F-16F7-4668-BE54-9A1E7A4F7556}") = "CDR.DataHolder.Repository", "CDR.DataHolder.Repository\CDR.DataHolder.Repository.csproj", "{B74B8E65-F54D-43DF-B6D7-6B64B66B3135}"
EndProject
Project("{2150E333-8FDC-42A3-9474-1A3956D46DE8}") = "020 API", "020 API", "{D6C17AA4-5B6D-4E80-8118-835DEFF97C17}"
EndProject
Project("{9A19103F-16F7-4668-BE54-9A1E7A4F7556}") = "CDR.DataHolder.Resource.API", "CDR.DataHolder.Resource.API\CDR.DataHolder.Resource.API.csproj", "{3AE24E63-4AB1-432F-9BCE-C51CDE063667}"
EndProject
Project("{2150E333-8FDC-42A3-9474-1A3956D46DE8}") = "040 Domain", "040 Domain", "{573478F0-E5B8-4E51-B11D-99FE3F2F63A5}"
EndProject
Project("{9A19103F-16F7-4668-BE54-9A1E7A4F7556}") = "CDR.DataHolder.Domain", "CDR.DataHolder.Domain\CDR.DataHolder.Domain.csproj", "{14621352-558F-4C49-AA51-C2AD522C5EA4}"
EndProject
Project("{9A19103F-16F7-4668-BE54-9A1E7A4F7556}") = "CDR.DataHolder.Manage.API", "CDR.DataHolder.Manage.API\CDR.DataHolder.Manage.API.csproj", "{9D0EDB4A-6FA1-414B-B62D-964843D47C46}"
EndProject
Project("{2150E333-8FDC-42A3-9474-1A3956D46DE8}") = "050 API Infrastructure", "050 API Infrastructure", "{4B38DDC0-9F63-4B9B-84A2-C97B40EA2D23}"
EndProject
Project("{9A19103F-16F7-4668-BE54-9A1E7A4F7556}") = "CDR.DataHolder.API.Gateway.mTLS", "CDR.DataHolder.API.Gateway.mTLS\CDR.DataHolder.API.Gateway.mTLS.csproj", "{B6FABBA5-BD07-47A2-8659-CBB1F9C3C2C9}"
EndProject
Project("{9A19103F-16F7-4668-BE54-9A1E7A4F7556}") = "CDR.DataHolder.Public.API", "CDR.DataHolder.Public.API\CDR.DataHolder.Public.API.csproj", "{9E4B01D9-74A5-443F-9639-F322AFAA3537}"
EndProject
Project("{2150E333-8FDC-42A3-9474-1A3956D46DE8}") = "060 Administration", "060 Administration", "{983ED428-91D2-4D9E-870C-29559E87F857}"
EndProject
Project("{9A19103F-16F7-4668-BE54-9A1E7A4F7556}") = "CDR.DataHolder.Admin.API", "CDR.DataHolder.Admin.API\CDR.DataHolder.Admin.API.csproj", "{4962F6F4-4DDC-4559-8399-CE20E5E07875}"
EndProject
Project("{9A19103F-16F7-4668-BE54-9A1E7A4F7556}") = "CDR.DataHolder.API.Infrastructure", "CDR.DataHolder.API.Infrastructure\CDR.DataHolder.API.Infrastructure.csproj", "{20E862F1-3BE0-44D4-8511-D9D1034612E9}"
EndProject
Project("{2150E333-8FDC-42A3-9474-1A3956D46DE8}") = "030 Identity Server", "030 Identity Server", "{19D02700-0BE6-43C4-8479-3C045387D05C}"
EndProject
Project("{9A19103F-16F7-4668-BE54-9A1E7A4F7556}") = "CDR.DataHolder.IdentityServer", "CDR.DataHolder.IdentityServer\CDR.DataHolder.IdentityServer.csproj", "{9BADD27B-0ED4-4FCF-BCE1-39AC9FB6CB43}"
EndProject
Project("{9A19103F-16F7-4668-BE54-9A1E7A4F7556}") = "CDR.DataHolder.IdentityServer.UnitTests", "CDR.DataHolder.IdentityServer.UnitTests\CDR.DataHolder.IdentityServer.UnitTests.csproj", "{EAF85015-206D-4498-AAFA-1C651C074435}"
EndProject
Project("{2150E333-8FDC-42A3-9474-1A3956D46DE8}") = "Solution Items", "Solution Items", "{ECEDD876-2FD3-4A25-874A-8264FCF3C513}"
	ProjectSection(SolutionItems) = preProject
		Dockerfile = Dockerfile
		README.md = README.md
		supervisord.conf = supervisord.conf
	EndProjectSection
EndProject
Project("{9A19103F-16F7-4668-BE54-9A1E7A4F7556}") = "CDR.DataHolder.API.Infrastructure.UnitTests", "CDR.DataHolder.API.Infrastructure.UnitTests\CDR.DataHolder.API.Infrastructure.UnitTests.csproj", "{0D93D9DF-40BE-41EC-B9FD-4A6B0A37BDF5}"
EndProject
Project("{2150E333-8FDC-42A3-9474-1A3956D46DE8}") = "Unit Tests", "Unit Tests", "{8EAABA54-71FF-4D68-BDF9-6753989DA976}"
EndProject
Project("{9A19103F-16F7-4668-BE54-9A1E7A4F7556}") = "CDR.DataHolder.Resource.API.UnitTests", "CDR.DataHolder.Resource.API.UnitTests\CDR.DataHolder.Resource.API.UnitTests.csproj", "{09D871DE-970E-439B-BE6E-B2FCFC7C6604}"
EndProject
Project("{9A19103F-16F7-4668-BE54-9A1E7A4F7556}") = "CDR.DataHolder.IntegrationTests", "CDR.DataHolder.IntegrationTests\CDR.DataHolder.IntegrationTests.csproj", "{594639B6-050B-433E-8686-19EAA83230AC}"
EndProject
Global
	GlobalSection(SolutionConfigurationPlatforms) = preSolution
		Debug|Any CPU = Debug|Any CPU
		Release|Any CPU = Release|Any CPU
	EndGlobalSection
	GlobalSection(ProjectConfigurationPlatforms) = postSolution
		{B74B8E65-F54D-43DF-B6D7-6B64B66B3135}.Debug|Any CPU.ActiveCfg = Debug|Any CPU
		{B74B8E65-F54D-43DF-B6D7-6B64B66B3135}.Debug|Any CPU.Build.0 = Debug|Any CPU
		{B74B8E65-F54D-43DF-B6D7-6B64B66B3135}.Release|Any CPU.ActiveCfg = Release|Any CPU
		{B74B8E65-F54D-43DF-B6D7-6B64B66B3135}.Release|Any CPU.Build.0 = Release|Any CPU
		{3AE24E63-4AB1-432F-9BCE-C51CDE063667}.Debug|Any CPU.ActiveCfg = Debug|Any CPU
		{3AE24E63-4AB1-432F-9BCE-C51CDE063667}.Debug|Any CPU.Build.0 = Debug|Any CPU
		{3AE24E63-4AB1-432F-9BCE-C51CDE063667}.Release|Any CPU.ActiveCfg = Release|Any CPU
		{3AE24E63-4AB1-432F-9BCE-C51CDE063667}.Release|Any CPU.Build.0 = Release|Any CPU
		{14621352-558F-4C49-AA51-C2AD522C5EA4}.Debug|Any CPU.ActiveCfg = Debug|Any CPU
		{14621352-558F-4C49-AA51-C2AD522C5EA4}.Debug|Any CPU.Build.0 = Debug|Any CPU
		{14621352-558F-4C49-AA51-C2AD522C5EA4}.Release|Any CPU.ActiveCfg = Release|Any CPU
		{14621352-558F-4C49-AA51-C2AD522C5EA4}.Release|Any CPU.Build.0 = Release|Any CPU
		{9D0EDB4A-6FA1-414B-B62D-964843D47C46}.Debug|Any CPU.ActiveCfg = Debug|Any CPU
		{9D0EDB4A-6FA1-414B-B62D-964843D47C46}.Debug|Any CPU.Build.0 = Debug|Any CPU
		{9D0EDB4A-6FA1-414B-B62D-964843D47C46}.Release|Any CPU.ActiveCfg = Release|Any CPU
		{9D0EDB4A-6FA1-414B-B62D-964843D47C46}.Release|Any CPU.Build.0 = Release|Any CPU
		{B6FABBA5-BD07-47A2-8659-CBB1F9C3C2C9}.Debug|Any CPU.ActiveCfg = Debug|Any CPU
		{B6FABBA5-BD07-47A2-8659-CBB1F9C3C2C9}.Debug|Any CPU.Build.0 = Debug|Any CPU
		{B6FABBA5-BD07-47A2-8659-CBB1F9C3C2C9}.Release|Any CPU.ActiveCfg = Release|Any CPU
		{B6FABBA5-BD07-47A2-8659-CBB1F9C3C2C9}.Release|Any CPU.Build.0 = Release|Any CPU
		{9E4B01D9-74A5-443F-9639-F322AFAA3537}.Debug|Any CPU.ActiveCfg = Debug|Any CPU
		{9E4B01D9-74A5-443F-9639-F322AFAA3537}.Debug|Any CPU.Build.0 = Debug|Any CPU
		{9E4B01D9-74A5-443F-9639-F322AFAA3537}.Release|Any CPU.ActiveCfg = Release|Any CPU
		{9E4B01D9-74A5-443F-9639-F322AFAA3537}.Release|Any CPU.Build.0 = Release|Any CPU
		{4962F6F4-4DDC-4559-8399-CE20E5E07875}.Debug|Any CPU.ActiveCfg = Debug|Any CPU
		{4962F6F4-4DDC-4559-8399-CE20E5E07875}.Debug|Any CPU.Build.0 = Debug|Any CPU
		{4962F6F4-4DDC-4559-8399-CE20E5E07875}.Release|Any CPU.ActiveCfg = Release|Any CPU
		{4962F6F4-4DDC-4559-8399-CE20E5E07875}.Release|Any CPU.Build.0 = Release|Any CPU
		{20E862F1-3BE0-44D4-8511-D9D1034612E9}.Debug|Any CPU.ActiveCfg = Debug|Any CPU
		{20E862F1-3BE0-44D4-8511-D9D1034612E9}.Debug|Any CPU.Build.0 = Debug|Any CPU
		{20E862F1-3BE0-44D4-8511-D9D1034612E9}.Release|Any CPU.ActiveCfg = Release|Any CPU
		{20E862F1-3BE0-44D4-8511-D9D1034612E9}.Release|Any CPU.Build.0 = Release|Any CPU
		{9BADD27B-0ED4-4FCF-BCE1-39AC9FB6CB43}.Debug|Any CPU.ActiveCfg = Debug|Any CPU
		{9BADD27B-0ED4-4FCF-BCE1-39AC9FB6CB43}.Debug|Any CPU.Build.0 = Debug|Any CPU
		{9BADD27B-0ED4-4FCF-BCE1-39AC9FB6CB43}.Release|Any CPU.ActiveCfg = Release|Any CPU
		{9BADD27B-0ED4-4FCF-BCE1-39AC9FB6CB43}.Release|Any CPU.Build.0 = Release|Any CPU
		{EAF85015-206D-4498-AAFA-1C651C074435}.Debug|Any CPU.ActiveCfg = Debug|Any CPU
		{EAF85015-206D-4498-AAFA-1C651C074435}.Debug|Any CPU.Build.0 = Debug|Any CPU
		{EAF85015-206D-4498-AAFA-1C651C074435}.Release|Any CPU.ActiveCfg = Release|Any CPU
		{EAF85015-206D-4498-AAFA-1C651C074435}.Release|Any CPU.Build.0 = Release|Any CPU
		{0D93D9DF-40BE-41EC-B9FD-4A6B0A37BDF5}.Debug|Any CPU.ActiveCfg = Debug|Any CPU
		{0D93D9DF-40BE-41EC-B9FD-4A6B0A37BDF5}.Debug|Any CPU.Build.0 = Debug|Any CPU
		{0D93D9DF-40BE-41EC-B9FD-4A6B0A37BDF5}.Release|Any CPU.ActiveCfg = Release|Any CPU
		{0D93D9DF-40BE-41EC-B9FD-4A6B0A37BDF5}.Release|Any CPU.Build.0 = Release|Any CPU
		{09D871DE-970E-439B-BE6E-B2FCFC7C6604}.Debug|Any CPU.ActiveCfg = Debug|Any CPU
		{09D871DE-970E-439B-BE6E-B2FCFC7C6604}.Debug|Any CPU.Build.0 = Debug|Any CPU
		{09D871DE-970E-439B-BE6E-B2FCFC7C6604}.Release|Any CPU.ActiveCfg = Release|Any CPU
		{09D871DE-970E-439B-BE6E-B2FCFC7C6604}.Release|Any CPU.Build.0 = Release|Any CPU
		{594639B6-050B-433E-8686-19EAA83230AC}.Debug|Any CPU.ActiveCfg = Debug|Any CPU
		{594639B6-050B-433E-8686-19EAA83230AC}.Debug|Any CPU.Build.0 = Debug|Any CPU
		{594639B6-050B-433E-8686-19EAA83230AC}.Release|Any CPU.ActiveCfg = Release|Any CPU
		{594639B6-050B-433E-8686-19EAA83230AC}.Release|Any CPU.Build.0 = Release|Any CPU
	EndGlobalSection
	GlobalSection(SolutionProperties) = preSolution
		HideSolutionNode = FALSE
	EndGlobalSection
	GlobalSection(NestedProjects) = preSolution
		{B74B8E65-F54D-43DF-B6D7-6B64B66B3135} = {E30B7B0A-7E6B-4F5F-968D-530C182C9EFB}
		{3AE24E63-4AB1-432F-9BCE-C51CDE063667} = {D6C17AA4-5B6D-4E80-8118-835DEFF97C17}
		{14621352-558F-4C49-AA51-C2AD522C5EA4} = {573478F0-E5B8-4E51-B11D-99FE3F2F63A5}
		{9D0EDB4A-6FA1-414B-B62D-964843D47C46} = {983ED428-91D2-4D9E-870C-29559E87F857}
		{B6FABBA5-BD07-47A2-8659-CBB1F9C3C2C9} = {4B38DDC0-9F63-4B9B-84A2-C97B40EA2D23}
		{9E4B01D9-74A5-443F-9639-F322AFAA3537} = {D6C17AA4-5B6D-4E80-8118-835DEFF97C17}
		{4962F6F4-4DDC-4559-8399-CE20E5E07875} = {D6C17AA4-5B6D-4E80-8118-835DEFF97C17}
		{20E862F1-3BE0-44D4-8511-D9D1034612E9} = {4B38DDC0-9F63-4B9B-84A2-C97B40EA2D23}
		{9BADD27B-0ED4-4FCF-BCE1-39AC9FB6CB43} = {19D02700-0BE6-43C4-8479-3C045387D05C}
		{EAF85015-206D-4498-AAFA-1C651C074435} = {19D02700-0BE6-43C4-8479-3C045387D05C}
		{0D93D9DF-40BE-41EC-B9FD-4A6B0A37BDF5} = {4B38DDC0-9F63-4B9B-84A2-C97B40EA2D23}
		{8EAABA54-71FF-4D68-BDF9-6753989DA976} = {D6C17AA4-5B6D-4E80-8118-835DEFF97C17}
		{09D871DE-970E-439B-BE6E-B2FCFC7C6604} = {8EAABA54-71FF-4D68-BDF9-6753989DA976}
		{594639B6-050B-433E-8686-19EAA83230AC} = {334094B2-2055-4954-9953-F731DC8C857F}
	EndGlobalSection
	GlobalSection(ExtensibilityGlobals) = postSolution
		SolutionGuid = {AE8E874B-11F7-494D-9902-AD374F1EC3B3}
	EndGlobalSection
EndGlobal
